// !$*UTF8*$!
{
	archiveVersion = 1;
	classes = {
	};
	objectVersion = 46;
	objects = {

/* Begin PBXBuildFile section */
		41BD4F1C1E12A3A600BBA250 /* AppDelegate.swift in Sources */ = {isa = PBXBuildFile; fileRef = 41BD4F1B1E12A3A600BBA250 /* AppDelegate.swift */; };
		41BD4F1E1E12A3A600BBA250 /* ViewController.swift in Sources */ = {isa = PBXBuildFile; fileRef = 41BD4F1D1E12A3A600BBA250 /* ViewController.swift */; };
		41BD4F211E12A3A600BBA250 /* Main.storyboard in Resources */ = {isa = PBXBuildFile; fileRef = 41BD4F1F1E12A3A600BBA250 /* Main.storyboard */; };
		41BD4F231E12A3A600BBA250 /* Assets.xcassets in Resources */ = {isa = PBXBuildFile; fileRef = 41BD4F221E12A3A600BBA250 /* Assets.xcassets */; };
		41BD4F261E12A3A600BBA250 /* LaunchScreen.storyboard in Resources */ = {isa = PBXBuildFile; fileRef = 41BD4F241E12A3A600BBA250 /* LaunchScreen.storyboard */; };
		41BD4F311E12A3A700BBA250 /* ColorMakerTests.swift in Sources */ = {isa = PBXBuildFile; fileRef = 41BD4F301E12A3A700BBA250 /* ColorMakerTests.swift */; };
		41BD4F3C1E12A3A700BBA250 /* ColorMakerUITests.swift in Sources */ = {isa = PBXBuildFile; fileRef = 41BD4F3B1E12A3A700BBA250 /* ColorMakerUITests.swift */; };
/* End PBXBuildFile section */

/* Begin PBXContainerItemProxy section */
		41BD4F2D1E12A3A700BBA250 /* PBXContainerItemProxy */ = {
			isa = PBXContainerItemProxy;
			containerPortal = 41BD4F101E12A3A600BBA250 /* Project object */;
			proxyType = 1;
			remoteGlobalIDString = 41BD4F171E12A3A600BBA250;
			remoteInfo = ColorMaker;
		};
		41BD4F381E12A3A700BBA250 /* PBXContainerItemProxy */ = {
			isa = PBXContainerItemProxy;
			containerPortal = 41BD4F101E12A3A600BBA250 /* Project object */;
			proxyType = 1;
			remoteGlobalIDString = 41BD4F171E12A3A600BBA250;
			remoteInfo = ColorMaker;
		};
/* End PBXContainerItemProxy section */

/* Begin PBXFileReference section */
		41BD4F181E12A3A600BBA250 /* ColorMaker.app */ = {isa = PBXFileReference; explicitFileType = wrapper.application; includeInIndex = 0; path = ColorMaker.app; sourceTree = BUILT_PRODUCTS_DIR; };
		41BD4F1B1E12A3A600BBA250 /* AppDelegate.swift */ = {isa = PBXFileReference; lastKnownFileType = sourcecode.swift; path = AppDelegate.swift; sourceTree = "<group>"; };
		41BD4F1D1E12A3A600BBA250 /* ViewController.swift */ = {isa = PBXFileReference; lastKnownFileType = sourcecode.swift; path = ViewController.swift; sourceTree = "<group>"; };
		41BD4F201E12A3A600BBA250 /* Base */ = {isa = PBXFileReference; lastKnownFileType = file.storyboard; name = Base; path = Base.lproj/Main.storyboard; sourceTree = "<group>"; };
		41BD4F221E12A3A600BBA250 /* Assets.xcassets */ = {isa = PBXFileReference; lastKnownFileType = folder.assetcatalog; path = Assets.xcassets; sourceTree = "<group>"; };
		41BD4F251E12A3A600BBA250 /* Base */ = {isa = PBXFileReference; lastKnownFileType = file.storyboard; name = Base; path = Base.lproj/LaunchScreen.storyboard; sourceTree = "<group>"; };
		41BD4F271E12A3A600BBA250 /* Info.plist */ = {isa = PBXFileReference; lastKnownFileType = text.plist.xml; path = Info.plist; sourceTree = "<group>"; };
		41BD4F2C1E12A3A700BBA250 /* ColorMakerTests.xctest */ = {isa = PBXFileReference; explicitFileType = wrapper.cfbundle; includeInIndex = 0; path = ColorMakerTests.xctest; sourceTree = BUILT_PRODUCTS_DIR; };
		41BD4F301E12A3A700BBA250 /* ColorMakerTests.swift */ = {isa = PBXFileReference; lastKnownFileType = sourcecode.swift; path = ColorMakerTests.swift; sourceTree = "<group>"; };
		41BD4F321E12A3A700BBA250 /* Info.plist */ = {isa = PBXFileReference; lastKnownFileType = text.plist.xml; path = Info.plist; sourceTree = "<group>"; };
		41BD4F371E12A3A700BBA250 /* ColorMakerUITests.xctest */ = {isa = PBXFileReference; explicitFileType = wrapper.cfbundle; includeInIndex = 0; path = ColorMakerUITests.xctest; sourceTree = BUILT_PRODUCTS_DIR; };
		41BD4F3B1E12A3A700BBA250 /* ColorMakerUITests.swift */ = {isa = PBXFileReference; lastKnownFileType = sourcecode.swift; path = ColorMakerUITests.swift; sourceTree = "<group>"; };
		41BD4F3D1E12A3A700BBA250 /* Info.plist */ = {isa = PBXFileReference; lastKnownFileType = text.plist.xml; path = Info.plist; sourceTree = "<group>"; };
/* End PBXFileReference section */

/* Begin PBXFrameworksBuildPhase section */
		41BD4F151E12A3A600BBA250 /* Frameworks */ = {
			isa = PBXFrameworksBuildPhase;
			buildActionMask = 2147483647;
			files = (
			);
			runOnlyForDeploymentPostprocessing = 0;
		};
		41BD4F291E12A3A700BBA250 /* Frameworks */ = {
			isa = PBXFrameworksBuildPhase;
			buildActionMask = 2147483647;
			files = (
			);
			runOnlyForDeploymentPostprocessing = 0;
		};
		41BD4F341E12A3A700BBA250 /* Frameworks */ = {
			isa = PBXFrameworksBuildPhase;
			buildActionMask = 2147483647;
			files = (
			);
			runOnlyForDeploymentPostprocessing = 0;
		};
/* End PBXFrameworksBuildPhase section */

/* Begin PBXGroup section */
		41BD4F0F1E12A3A600BBA250 = {
			isa = PBXGroup;
			children = (
				41BD4F1A1E12A3A600BBA250 /* ColorMaker */,
				41BD4F2F1E12A3A700BBA250 /* ColorMakerTests */,
				41BD4F3A1E12A3A700BBA250 /* ColorMakerUITests */,
				41BD4F191E12A3A600BBA250 /* Products */,
			);
			sourceTree = "<group>";
		};
		41BD4F191E12A3A600BBA250 /* Products */ = {
			isa = PBXGroup;
			children = (
				41BD4F181E12A3A600BBA250 /* ColorMaker.app */,
				41BD4F2C1E12A3A700BBA250 /* ColorMakerTests.xctest */,
				41BD4F371E12A3A700BBA250 /* ColorMakerUITests.xctest */,
			);
			name = Products;
			sourceTree = "<group>";
		};
		41BD4F1A1E12A3A600BBA250 /* ColorMaker */ = {
			isa = PBXGroup;
			children = (
				41BD4F1B1E12A3A600BBA250 /* AppDelegate.swift */,
				41BD4F1D1E12A3A600BBA250 /* ViewController.swift */,
				41BD4F1F1E12A3A600BBA250 /* Main.storyboard */,
				41BD4F221E12A3A600BBA250 /* Assets.xcassets */,
				41BD4F241E12A3A600BBA250 /* LaunchScreen.storyboard */,
				41BD4F271E12A3A600BBA250 /* Info.plist */,
			);
			path = ColorMaker;
			sourceTree = "<group>";
		};
		41BD4F2F1E12A3A700BBA250 /* ColorMakerTests */ = {
			isa = PBXGroup;
			children = (
				41BD4F301E12A3A700BBA250 /* ColorMakerTests.swift */,
				41BD4F321E12A3A700BBA250 /* Info.plist */,
			);
			path = ColorMakerTests;
			sourceTree = "<group>";
		};
		41BD4F3A1E12A3A700BBA250 /* ColorMakerUITests */ = {
			isa = PBXGroup;
			children = (
				41BD4F3B1E12A3A700BBA250 /* ColorMakerUITests.swift */,
				41BD4F3D1E12A3A700BBA250 /* Info.plist */,
			);
			path = ColorMakerUITests;
			sourceTree = "<group>";
		};
/* End PBXGroup section */

/* Begin PBXNativeTarget section */
		41BD4F171E12A3A600BBA250 /* ColorMaker */ = {
			isa = PBXNativeTarget;
			buildConfigurationList = 41BD4F401E12A3A700BBA250 /* Build configuration list for PBXNativeTarget "ColorMaker" */;
			buildPhases = (
				41BD4F141E12A3A600BBA250 /* Sources */,
				41BD4F151E12A3A600BBA250 /* Frameworks */,
				41BD4F161E12A3A600BBA250 /* Resources */,
			);
			buildRules = (
			);
			dependencies = (
			);
			name = ColorMaker;
			productName = ColorMaker;
			productReference = 41BD4F181E12A3A600BBA250 /* ColorMaker.app */;
			productType = "com.apple.product-type.application";
		};
		41BD4F2B1E12A3A700BBA250 /* ColorMakerTests */ = {
			isa = PBXNativeTarget;
			buildConfigurationList = 41BD4F431E12A3A700BBA250 /* Build configuration list for PBXNativeTarget "ColorMakerTests" */;
			buildPhases = (
				41BD4F281E12A3A700BBA250 /* Sources */,
				41BD4F291E12A3A700BBA250 /* Frameworks */,
				41BD4F2A1E12A3A700BBA250 /* Resources */,
			);
			buildRules = (
			);
			dependencies = (
				41BD4F2E1E12A3A700BBA250 /* PBXTargetDependency */,
			);
			name = ColorMakerTests;
			productName = ColorMakerTests;
			productReference = 41BD4F2C1E12A3A700BBA250 /* ColorMakerTests.xctest */;
			productType = "com.apple.product-type.bundle.unit-test";
		};
		41BD4F361E12A3A700BBA250 /* ColorMakerUITests */ = {
			isa = PBXNativeTarget;
			buildConfigurationList = 41BD4F461E12A3A700BBA250 /* Build configuration list for PBXNativeTarget "ColorMakerUITests" */;
			buildPhases = (
				41BD4F331E12A3A700BBA250 /* Sources */,
				41BD4F341E12A3A700BBA250 /* Frameworks */,
				41BD4F351E12A3A700BBA250 /* Resources */,
			);
			buildRules = (
			);
			dependencies = (
				41BD4F391E12A3A700BBA250 /* PBXTargetDependency */,
			);
			name = ColorMakerUITests;
			productName = ColorMakerUITests;
			productReference = 41BD4F371E12A3A700BBA250 /* ColorMakerUITests.xctest */;
			productType = "com.apple.product-type.bundle.ui-testing";
		};
/* End PBXNativeTarget section */

/* Begin PBXProject section */
		41BD4F101E12A3A600BBA250 /* Project object */ = {
			isa = PBXProject;
			attributes = {
				LastSwiftUpdateCheck = 0810;
				LastUpgradeCheck = 0810;
				ORGANIZATIONNAME = "Hector Montero";
				TargetAttributes = {
					41BD4F171E12A3A600BBA250 = {
						CreatedOnToolsVersion = 8.1;
						ProvisioningStyle = Automatic;
					};
					41BD4F2B1E12A3A700BBA250 = {
						CreatedOnToolsVersion = 8.1;
						ProvisioningStyle = Automatic;
						TestTargetID = 41BD4F171E12A3A600BBA250;
					};
					41BD4F361E12A3A700BBA250 = {
						CreatedOnToolsVersion = 8.1;
						ProvisioningStyle = Automatic;
						TestTargetID = 41BD4F171E12A3A600BBA250;
					};
				};
			};
			buildConfigurationList = 41BD4F131E12A3A600BBA250 /* Build configuration list for PBXProject "ColorMaker" */;
			compatibilityVersion = "Xcode 3.2";
			developmentRegion = English;
			hasScannedForEncodings = 0;
			knownRegions = (
				en,
				Base,
			);
			mainGroup = 41BD4F0F1E12A3A600BBA250;
			productRefGroup = 41BD4F191E12A3A600BBA250 /* Products */;
			projectDirPath = "";
			projectRoot = "";
			targets = (
				41BD4F171E12A3A600BBA250 /* ColorMaker */,
				41BD4F2B1E12A3A700BBA250 /* ColorMakerTests */,
				41BD4F361E12A3A700BBA250 /* ColorMakerUITests */,
			);
		};
/* End PBXProject section */

/* Begin PBXResourcesBuildPhase section */
		41BD4F161E12A3A600BBA250 /* Resources */ = {
			isa = PBXResourcesBuildPhase;
			buildActionMask = 2147483647;
			files = (
				41BD4F261E12A3A600BBA250 /* LaunchScreen.storyboard in Resources */,
				41BD4F231E12A3A600BBA250 /* Assets.xcassets in Resources */,
				41BD4F211E12A3A600BBA250 /* Main.storyboard in Resources */,
			);
			runOnlyForDeploymentPostprocessing = 0;
		};
		41BD4F2A1E12A3A700BBA250 /* Resources */ = {
			isa = PBXResourcesBuildPhase;
			buildActionMask = 2147483647;
			files = (
			);
			runOnlyForDeploymentPostprocessing = 0;
		};
		41BD4F351E12A3A700BBA250 /* Resources */ = {
			isa = PBXResourcesBuildPhase;
			buildActionMask = 2147483647;
			files = (
			);
			runOnlyForDeploymentPostprocessing = 0;
		};
/* End PBXResourcesBuildPhase section */

/* Begin PBXSourcesBuildPhase section */
		41BD4F141E12A3A600BBA250 /* Sources */ = {
			isa = PBXSourcesBuildPhase;
			buildActionMask = 2147483647;
			files = (
				41BD4F1E1E12A3A600BBA250 /* ViewController.swift in Sources */,
				41BD4F1C1E12A3A600BBA250 /* AppDelegate.swift in Sources */,
			);
			runOnlyForDeploymentPostprocessing = 0;
		};
		41BD4F281E12A3A700BBA250 /* Sources */ = {
			isa = PBXSourcesBuildPhase;
			buildActionMask = 2147483647;
			files = (
				41BD4F311E12A3A700BBA250 /* ColorMakerTests.swift in Sources */,
			);
			runOnlyForDeploymentPostprocessing = 0;
		};
		41BD4F331E12A3A700BBA250 /* Sources */ = {
			isa = PBXSourcesBuildPhase;
			buildActionMask = 2147483647;
			files = (
				41BD4F3C1E12A3A700BBA250 /* ColorMakerUITests.swift in Sources */,
			);
			runOnlyForDeploymentPostprocessing = 0;
		};
/* End PBXSourcesBuildPhase section */

/* Begin PBXTargetDependency section */
		41BD4F2E1E12A3A700BBA250 /* PBXTargetDependency */ = {
			isa = PBXTargetDependency;
			target = 41BD4F171E12A3A600BBA250 /* ColorMaker */;
			targetProxy = 41BD4F2D1E12A3A700BBA250 /* PBXContainerItemProxy */;
		};
		41BD4F391E12A3A700BBA250 /* PBXTargetDependency */ = {
			isa = PBXTargetDependency;
			target = 41BD4F171E12A3A600BBA250 /* ColorMaker */;
			targetProxy = 41BD4F381E12A3A700BBA250 /* PBXContainerItemProxy */;
		};
/* End PBXTargetDependency section */

/* Begin PBXVariantGroup section */
		41BD4F1F1E12A3A600BBA250 /* Main.storyboard */ = {
			isa = PBXVariantGroup;
			children = (
				41BD4F201E12A3A600BBA250 /* Base */,
			);
			name = Main.storyboard;
			sourceTree = "<group>";
		};
		41BD4F241E12A3A600BBA250 /* LaunchScreen.storyboard */ = {
			isa = PBXVariantGroup;
			children = (
				41BD4F251E12A3A600BBA250 /* Base */,
			);
			name = LaunchScreen.storyboard;
			sourceTree = "<group>";
		};
/* End PBXVariantGroup section */

/* Begin XCBuildConfiguration section */
		41BD4F3E1E12A3A700BBA250 /* Debug */ = {
			isa = XCBuildConfiguration;
			buildSettings = {
				ALWAYS_SEARCH_USER_PATHS = NO;
				CLANG_ANALYZER_NONNULL = YES;
				CLANG_CXX_LANGUAGE_STANDARD = "gnu++0x";
				CLANG_CXX_LIBRARY = "libc++";
				CLANG_ENABLE_MODULES = YES;
				CLANG_ENABLE_OBJC_ARC = YES;
				CLANG_WARN_BOOL_CONVERSION = YES;
				CLANG_WARN_CONSTANT_CONVERSION = YES;
				CLANG_WARN_DIRECT_OBJC_ISA_USAGE = YES_ERROR;
				CLANG_WARN_DOCUMENTATION_COMMENTS = YES;
				CLANG_WARN_EMPTY_BODY = YES;
				CLANG_WARN_ENUM_CONVERSION = YES;
				CLANG_WARN_INFINITE_RECURSION = YES;
				CLANG_WARN_INT_CONVERSION = YES;
				CLANG_WARN_OBJC_ROOT_CLASS = YES_ERROR;
				CLANG_WARN_SUSPICIOUS_MOVES = YES;
				CLANG_WARN_UNREACHABLE_CODE = YES;
				CLANG_WARN__DUPLICATE_METHOD_MATCH = YES;
				"CODE_SIGN_IDENTITY[sdk=iphoneos*]" = "iPhone Developer";
				COPY_PHASE_STRIP = NO;
				DEBUG_INFORMATION_FORMAT = dwarf;
				ENABLE_STRICT_OBJC_MSGSEND = YES;
				ENABLE_TESTABILITY = YES;
				GCC_C_LANGUAGE_STANDARD = gnu99;
				GCC_DYNAMIC_NO_PIC = NO;
				GCC_NO_COMMON_BLOCKS = YES;
				GCC_OPTIMIZATION_LEVEL = 0;
				GCC_PREPROCESSOR_DEFINITIONS = (
					"DEBUG=1",
					"$(inherited)",
				);
				GCC_WARN_64_TO_32_BIT_CONVERSION = YES;
				GCC_WARN_ABOUT_RETURN_TYPE = YES_ERROR;
				GCC_WARN_UNDECLARED_SELECTOR = YES;
				GCC_WARN_UNINITIALIZED_AUTOS = YES_AGGRESSIVE;
				GCC_WARN_UNUSED_FUNCTION = YES;
				GCC_WARN_UNUSED_VARIABLE = YES;
				IPHONEOS_DEPLOYMENT_TARGET = 10.1;
				MTL_ENABLE_DEBUG_INFO = YES;
				ONLY_ACTIVE_ARCH = YES;
				SDKROOT = iphoneos;
				SWIFT_ACTIVE_COMPILATION_CONDITIONS = DEBUG;
				SWIFT_OPTIMIZATION_LEVEL = "-Onone";
				TARGETED_DEVICE_FAMILY = "1,2";
			};
			name = Debug;
		};
		41BD4F3F1E12A3A700BBA250 /* Release */ = {
			isa = XCBuildConfiguration;
			buildSettings = {
				ALWAYS_SEARCH_USER_PATHS = NO;
				CLANG_ANALYZER_NONNULL = YES;
				CLANG_CXX_LANGUAGE_STANDARD = "gnu++0x";
				CLANG_CXX_LIBRARY = "libc++";
				CLANG_ENABLE_MODULES = YES;
				CLANG_ENABLE_OBJC_ARC = YES;
				CLANG_WARN_BOOL_CONVERSION = YES;
				CLANG_WARN_CONSTANT_CONVERSION = YES;
				CLANG_WARN_DIRECT_OBJC_ISA_USAGE = YES_ERROR;
				CLANG_WARN_DOCUMENTATION_COMMENTS = YES;
				CLANG_WARN_EMPTY_BODY = YES;
				CLANG_WARN_ENUM_CONVERSION = YES;
				CLANG_WARN_INFINITE_RECURSION = YES;
				CLANG_WARN_INT_CONVERSION = YES;
				CLANG_WARN_OBJC_ROOT_CLASS = YES_ERROR;
				CLANG_WARN_SUSPICIOUS_MOVES = YES;
				CLANG_WARN_UNREACHABLE_CODE = YES;
				CLANG_WARN__DUPLICATE_METHOD_MATCH = YES;
				"CODE_SIGN_IDENTITY[sdk=iphoneos*]" = "iPhone Developer";
				COPY_PHASE_STRIP = NO;
				DEBUG_INFORMATION_FORMAT = "dwarf-with-dsym";
				ENABLE_NS_ASSERTIONS = NO;
				ENABLE_STRICT_OBJC_MSGSEND = YES;
				GCC_C_LANGUAGE_STANDARD = gnu99;
				GCC_NO_COMMON_BLOCKS = YES;
				GCC_WARN_64_TO_32_BIT_CONVERSION = YES;
				GCC_WARN_ABOUT_RETURN_TYPE = YES_ERROR;
				GCC_WARN_UNDECLARED_SELECTOR = YES;
				GCC_WARN_UNINITIALIZED_AUTOS = YES_AGGRESSIVE;
				GCC_WARN_UNUSED_FUNCTION = YES;
				GCC_WARN_UNUSED_VARIABLE = YES;
				IPHONEOS_DEPLOYMENT_TARGET = 10.1;
				MTL_ENABLE_DEBUG_INFO = NO;
				SDKROOT = iphoneos;
				SWIFT_OPTIMIZATION_LEVEL = "-Owholemodule";
				TARGETED_DEVICE_FAMILY = "1,2";
				VALIDATE_PRODUCT = YES;
			};
			name = Release;
		};
		41BD4F411E12A3A700BBA250 /* Debug */ = {
			isa = XCBuildConfiguration;
			buildSettings = {
				ASSETCATALOG_COMPILER_APPICON_NAME = AppIcon;
				INFOPLIST_FILE = ColorMaker/Info.plist;
				LD_RUNPATH_SEARCH_PATHS = "$(inherited) @executable_path/Frameworks";
				PRODUCT_BUNDLE_IDENTIFIER = com.screatch.ColorMaker;
				PRODUCT_NAME = "$(TARGET_NAME)";
				SWIFT_VERSION = 3.0;
			};
			name = Debug;
		};
		41BD4F421E12A3A700BBA250 /* Release */ = {
			isa = XCBuildConfiguration;
			buildSettings = {
				ASSETCATALOG_COMPILER_APPICON_NAME = AppIcon;
				INFOPLIST_FILE = ColorMaker/Info.plist;
				LD_RUNPATH_SEARCH_PATHS = "$(inherited) @executable_path/Frameworks";
				PRODUCT_BUNDLE_IDENTIFIER = com.screatch.ColorMaker;
				PRODUCT_NAME = "$(TARGET_NAME)";
				SWIFT_VERSION = 3.0;
			};
			name = Release;
		};
		41BD4F441E12A3A700BBA250 /* Debug */ = {
			isa = XCBuildConfiguration;
			buildSettings = {
				ALWAYS_EMBED_SWIFT_STANDARD_LIBRARIES = YES;
				BUNDLE_LOADER = "$(TEST_HOST)";
				INFOPLIST_FILE = ColorMakerTests/Info.plist;
				LD_RUNPATH_SEARCH_PATHS = "$(inherited) @executable_path/Frameworks @loader_path/Frameworks";
				PRODUCT_BUNDLE_IDENTIFIER = com.screatch.ColorMakerTests;
				PRODUCT_NAME = "$(TARGET_NAME)";
				SWIFT_VERSION = 3.0;
				TEST_HOST = "$(BUILT_PRODUCTS_DIR)/ColorMaker.app/ColorMaker";
			};
			name = Debug;
		};
		41BD4F451E12A3A700BBA250 /* Release */ = {
			isa = XCBuildConfiguration;
			buildSettings = {
				ALWAYS_EMBED_SWIFT_STANDARD_LIBRARIES = YES;
				BUNDLE_LOADER = "$(TEST_HOST)";
				INFOPLIST_FILE = ColorMakerTests/Info.plist;
				LD_RUNPATH_SEARCH_PATHS = "$(inherited) @executable_path/Frameworks @loader_path/Frameworks";
				PRODUCT_BUNDLE_IDENTIFIER = com.screatch.ColorMakerTests;
				PRODUCT_NAME = "$(TARGET_NAME)";
				SWIFT_VERSION = 3.0;
				TEST_HOST = "$(BUILT_PRODUCTS_DIR)/ColorMaker.app/ColorMaker";
			};
			name = Release;
		};
		41BD4F471E12A3A700BBA250 /* Debug */ = {
			isa = XCBuildConfiguration;
			buildSettings = {
				ALWAYS_EMBED_SWIFT_STANDARD_LIBRARIES = YES;
				INFOPLIST_FILE = ColorMakerUITests/Info.plist;
				LD_RUNPATH_SEARCH_PATHS = "$(inherited) @executable_path/Frameworks @loader_path/Frameworks";
				PRODUCT_BUNDLE_IDENTIFIER = com.screatch.ColorMakerUITests;
				PRODUCT_NAME = "$(TARGET_NAME)";
				SWIFT_VERSION = 3.0;
				TEST_TARGET_NAME = ColorMaker;
			};
			name = Debug;
		};
		41BD4F481E12A3A700BBA250 /* Release */ = {
			isa = XCBuildConfiguration;
			buildSettings = {
				ALWAYS_EMBED_SWIFT_STANDARD_LIBRARIES = YES;
				INFOPLIST_FILE = ColorMakerUITests/Info.plist;
				LD_RUNPATH_SEARCH_PATHS = "$(inherited) @executable_path/Frameworks @loader_path/Frameworks";
				PRODUCT_BUNDLE_IDENTIFIER = com.screatch.ColorMakerUITests;
				PRODUCT_NAME = "$(TARGET_NAME)";
				SWIFT_VERSION = 3.0;
				TEST_TARGET_NAME = ColorMaker;
			};
			name = Release;
		};
/* End XCBuildConfiguration section */

/* Begin XCConfigurationList section */
		41BD4F131E12A3A600BBA250 /* Build configuration list for PBXProject "ColorMaker" */ = {
			isa = XCConfigurationList;
			buildConfigurations = (
				41BD4F3E1E12A3A700BBA250 /* Debug */,
				41BD4F3F1E12A3A700BBA250 /* Release */,
			);
			defaultConfigurationIsVisible = 0;
			defaultConfigurationName = Release;
		};
		41BD4F401E12A3A700BBA250 /* Build configuration list for PBXNativeTarget "ColorMaker" */ = {
			isa = XCConfigurationList;
			buildConfigurations = (
				41BD4F411E12A3A700BBA250 /* Debug */,
				41BD4F421E12A3A700BBA250 /* Release */,
			);
			defaultConfigurationIsVisible = 0;
		};
		41BD4F431E12A3A700BBA250 /* Build configuration list for PBXNativeTarget "ColorMakerTests" */ = {
			isa = XCConfigurationList;
			buildConfigurations = (
				41BD4F441E12A3A700BBA250 /* Debug */,
				41BD4F451E12A3A700BBA250 /* Release */,
			);
			defaultConfigurationIsVisible = 0;
		};
		41BD4F461E12A3A700BBA250 /* Build configuration list for PBXNativeTarget "ColorMakerUITests" */ = {
			isa = XCConfigurationList;
			buildConfigurations = (
				41BD4F471E12A3A700BBA250 /* Debug */,
				41BD4F481E12A3A700BBA250 /* Release */,
			);
			defaultConfigurationIsVisible = 0;
		};
/* End XCConfigurationList section */
	};
	rootObject = 41BD4F101E12A3A600BBA250 /* Project object */;
}
